{
  "pins" : [
    {
      "identity" : "http-request",
      "kind" : "remoteSourceControl",
      "location" : "https://github.com/tomislaveric/http-request.git",
      "state" : {
        "branch" : "main",
        "revision" : "a6fa794b6ebbc63edf0d1a69edb2928510a4bb0b"
      }
    },
    {
      "identity" : "keychain-storage",
      "kind" : "remoteSourceControl",
      "location" : "https://github.com/tomislaveric/keychain-storage.git",
      "state" : {
        "branch" : "main",
        "revision" : "5c323154e19a14db0d6119ae3324c9b873927f10"
      }
    },
    {
      "identity" : "oauth",
      "kind" : "remoteSourceControl",
      "location" : "https://github.com/tomislaveric/oauth.git",
      "state" : {
        "branch" : "main",
        "revision" : "1c7473864045c01587659ce699aa110538f1f6ea"
      }
    }
  ],
  "version" : 2
}
